
Microsoft Visual Studio Solution File, Format Version 12.00
# Visual Studio Version 17
VisualStudioVersion = 17.11.35327.3
MinimumVisualStudioVersion = 10.0.40219.1
Project("{9A19103F-16F7-4668-BE54-9A1E7A4F7556}") = "EFCoreFirstAPI", "EFCoreFirstAPI\EFCoreFirstAPI.csproj", "{C8485081-DE97-40BE-932E-F2CF42D34BD3}"
EndProject
Project("{FAE04EC0-301F-11D3-BF4B-00C04F79EFBC}") = "EFCoreTest", "EFCoreTest\EFCoreTest.csproj", "{4D77B3FF-0063-4BF9-9896-06FB87D0264D}"
EndProject
Global
	GlobalSection(SolutionConfigurationPlatforms) = preSolution
		Debug|Any CPU = Debug|Any CPU
		Release|Any CPU = Release|Any CPU
	EndGlobalSection
	GlobalSection(ProjectConfigurationPlatforms) = postSolution
		{C8485081-DE97-40BE-932E-F2CF42D34BD3}.Debug|Any CPU.ActiveCfg = Debug|Any CPU
		{C8485081-DE97-40BE-932E-F2CF42D34BD3}.Debug|Any CPU.Build.0 = Debug|Any CPU
		{C8485081-DE97-40BE-932E-F2CF42D34BD3}.Release|Any CPU.ActiveCfg = Release|Any CPU
		{C8485081-DE97-40BE-932E-F2CF42D34BD3}.Release|Any CPU.Build.0 = Release|Any CPU
		{4D77B3FF-0063-4BF9-9896-06FB87D0264D}.Debug|Any CPU.ActiveCfg = Debug|Any CPU
		{4D77B3FF-0063-4BF9-9896-06FB87D0264D}.Debug|Any CPU.Build.0 = Debug|Any CPU
		{4D77B3FF-0063-4BF9-9896-06FB87D0264D}.Release|Any CPU.ActiveCfg = Release|Any CPU
		{4D77B3FF-0063-4BF9-9896-06FB87D0264D}.Release|Any CPU.Build.0 = Release|Any CPU
	EndGlobalSection
	GlobalSection(SolutionProperties) = preSolution
		HideSolutionNode = FALSE
	EndGlobalSection
	GlobalSection(ExtensibilityGlobals) = postSolution
		SolutionGuid = {1CA6BFC4-8126-4F3D-AC41-AF7704BD2F91}
	EndGlobalSection
EndGlobal
