
Microsoft Visual Studio Solution File, Format Version 12.00
# Visual Studio Version 17
VisualStudioVersion = 17.11.35327.3
MinimumVisualStudioVersion = 10.0.40219.1
Project("{FAE04EC0-301F-11D3-BF4B-00C04F79EFBC}") = "Arrays", "Arrays\Arrays.csproj", "{04084304-4FDD-49E0-AAB6-6E859C7EBA48}"
EndProject
Global
	GlobalSection(SolutionConfigurationPlatforms) = preSolution
		Debug|Any CPU = Debug|Any CPU
		Release|Any CPU = Release|Any CPU
	EndGlobalSection
	GlobalSection(ProjectConfigurationPlatforms) = postSolution
		{04084304-4FDD-49E0-AAB6-6E859C7EBA48}.Debug|Any CPU.ActiveCfg = Debug|Any CPU
		{04084304-4FDD-49E0-AAB6-6E859C7EBA48}.Debug|Any CPU.Build.0 = Debug|Any CPU
		{04084304-4FDD-49E0-AAB6-6E859C7EBA48}.Release|Any CPU.ActiveCfg = Release|Any CPU
		{04084304-4FDD-49E0-AAB6-6E859C7EBA48}.Release|Any CPU.Build.0 = Release|Any CPU
	EndGlobalSection
	GlobalSection(SolutionProperties) = preSolution
		HideSolutionNode = FALSE
	EndGlobalSection
	GlobalSection(ExtensibilityGlobals) = postSolution
		SolutionGuid = {AE84FBB5-376E-414F-88F8-DD01A124E6E5}
	EndGlobalSection
EndGlobal
