
Microsoft Visual Studio Solution File, Format Version 12.00
# Visual Studio Version 17
VisualStudioVersion = 17.11.35327.3
MinimumVisualStudioVersion = 10.0.40219.1
Project("{9A19103F-16F7-4668-BE54-9A1E7A4F7556}") = "EShoppingApp", "EShoppingApp\EShoppingApp.csproj", "{BBD996FE-826C-4006-BD6E-AE3B07DEA09A}"
EndProject
Project("{FAE04EC0-301F-11D3-BF4B-00C04F79EFBC}") = "EShoppingTest", "EShoppingTest\EShoppingTest.csproj", "{D4D8B12A-A767-4CCA-8308-CFCC971C5F42}"
EndProject
Global
	GlobalSection(SolutionConfigurationPlatforms) = preSolution
		Debug|Any CPU = Debug|Any CPU
		Release|Any CPU = Release|Any CPU
	EndGlobalSection
	GlobalSection(ProjectConfigurationPlatforms) = postSolution
		{BBD996FE-826C-4006-BD6E-AE3B07DEA09A}.Debug|Any CPU.ActiveCfg = Debug|Any CPU
		{BBD996FE-826C-4006-BD6E-AE3B07DEA09A}.Debug|Any CPU.Build.0 = Debug|Any CPU
		{BBD996FE-826C-4006-BD6E-AE3B07DEA09A}.Release|Any CPU.ActiveCfg = Release|Any CPU
		{BBD996FE-826C-4006-BD6E-AE3B07DEA09A}.Release|Any CPU.Build.0 = Release|Any CPU
		{D4D8B12A-A767-4CCA-8308-CFCC971C5F42}.Debug|Any CPU.ActiveCfg = Debug|Any CPU
		{D4D8B12A-A767-4CCA-8308-CFCC971C5F42}.Debug|Any CPU.Build.0 = Debug|Any CPU
		{D4D8B12A-A767-4CCA-8308-CFCC971C5F42}.Release|Any CPU.ActiveCfg = Release|Any CPU
		{D4D8B12A-A767-4CCA-8308-CFCC971C5F42}.Release|Any CPU.Build.0 = Release|Any CPU
	EndGlobalSection
	GlobalSection(SolutionProperties) = preSolution
		HideSolutionNode = FALSE
	EndGlobalSection
	GlobalSection(ExtensibilityGlobals) = postSolution
		SolutionGuid = {AED0CDB0-A9C4-4446-9B01-841FB93436CF}
	EndGlobalSection
EndGlobal
